lockfileVersion: 5.4

specifiers:
  '@swc/core': ^1.3.36
  '@swc/helpers': ^0.4.14
  '@types/glob': ^8.0.1
  '@types/node': ^18.13.0
  commander: ^10.0.0
  glob: ^8.1.0
  typescript: next
  yaml: ^2.2.1

dependencies:
  '@swc/core': 1.3.36
  commander: 10.0.0
  glob: 8.1.0
  yaml: 2.2.1

devDependencies:
  '@swc/helpers': 0.4.14
  '@types/glob': 8.0.1
  '@types/node': 18.14.0
  typescript: 5.0.0-dev.20230225

packages:

  /@swc/core-darwin-arm64/1.3.36:
    resolution: {integrity: sha512-lsP+C8p9cC/Vd9uAbtxpEnM8GoJI/MMnVuXak7OlxOtDH9/oTwmAcAQTfNGNaH19d2FAIRwf+5RbXCPnxa2Zjw==}
    engines: {node: '>=10'}
    cpu: [arm64]
    os: [darwin]
    requiresBuild: true
    dev: false
    optional: true

  /@swc/core-darwin-x64/1.3.36:
    resolution: {integrity: sha512-jaLXsozWN5xachl9fPxDMi5nbWq1rRxPAt6ISeiYB6RJk0MQKH1634pOweBBem2pUDDzwDFXFw6f22LTm/cFvA==}
    engines: {node: '>=10'}
    cpu: [x64]
    os: [darwin]
    requiresBuild: true
    dev: false
    optional: true

  /@swc/core-linux-arm-gnueabihf/1.3.36:
    resolution: {integrity: sha512-vcBdTHjoEpvJDbFlgto+S6VwAHzLA9GyCiuNcTU2v4KNQlFzhbO4A4PMfMCb/Z0RLJEr16tirfHdWIxjU3h8nw==}
    engines: {node: '>=10'}
    cpu: [arm]
    os: [linux]
    requiresBuild: true
    dev: false
    optional: true

  /@swc/core-linux-arm64-gnu/1.3.36:
    resolution: {integrity: sha512-o7f5OsvwWppJo+qIZmrGO5+XC6DPt6noecSbRHjF6o1YAcR13ETPC14k1eC9H1YbQwpyCFNVAFXyNcUbCeQyrQ==}
    engines: {node: '>=10'}
    cpu: [arm64]
    os: [linux]
    requiresBuild: true
    dev: false
    optional: true

  /@swc/core-linux-arm64-musl/1.3.36:
    resolution: {integrity: sha512-FSHPngMi3c0fuGt9yY2Ubn5UcELi3EiPLJxBSC3X8TF9atI/WHZzK9PE9Gtn0C/LyRh4CoyOugDtSOPzGYmLQg==}
    engines: {node: '>=10'}
    cpu: [arm64]
    os: [linux]
    requiresBuild: true
    dev: false
    optional: true

  /@swc/core-linux-x64-gnu/1.3.36:
    resolution: {integrity: sha512-PHSsH2rek5pr3e0K09VgWAbrWK2vJhaI7MW9TPoTjyACYjcs3WwjcjQ30MghXUs2Dc/bXjWAOi9KFTjq/uCyFg==}
    engines: {node: '>=10'}
    cpu: [x64]
    os: [linux]
    requiresBuild: true
    dev: false
    optional: true

  /@swc/core-linux-x64-musl/1.3.36:
    resolution: {integrity: sha512-4LfMYQHzozHCKkIcmQy83b+4SpI+mOp6sYNbXqSRz5dYvTVjegKZXe596P1U/87cK2cgR4uYvkgkgBXquaWvwQ==}
    engines: {node: '>=10'}
    cpu: [x64]
    os: [linux]
    requiresBuild: true
    dev: false
    optional: true

  /@swc/core-win32-arm64-msvc/1.3.36:
    resolution: {integrity: sha512-7y3dDcun79TAjCyk3Iv0eOMw1X/KNQbkVyKOGqnEgq9g22F8F1FoUGKHNTzUqVdzpHeJSsHgW5PlkEkl3c/d9w==}
    engines: {node: '>=10'}
    cpu: [arm64]
    os: [win32]
    requiresBuild: true
    dev: false
    optional: true

  /@swc/core-win32-ia32-msvc/1.3.36:
    resolution: {integrity: sha512-zK0VR3B4LX5hzQ+7eD+K+FkxJlJg5Lo36BeahMzQ+/i0IURpnuyFlW88sdkFkMsc2swdU6bpvxLZeIRQ3W4OUg==}
    engines: {node: '>=10'}
    cpu: [ia32]
    os: [win32]
    requiresBuild: true
    dev: false
    optional: true

  /@swc/core-win32-x64-msvc/1.3.36:
    resolution: {integrity: sha512-2bIjr9DhAckGiXZEvj6z2z7ECPcTimG+wD0VuQTvr+wkx46uAJKl5Kq+Zk+dd15ErL7JGUtCet1T7bf1k4FwvQ==}
    engines: {node: '>=10'}
    cpu: [x64]
    os: [win32]
    requiresBuild: true
    dev: false
    optional: true

  /@swc/core/1.3.36:
    resolution: {integrity: sha512-Ogrd9uRNIj7nHjXxG66UlKBIcXESUenJ7OD6K2a8p82qlg6ne7Ne5Goiipm/heHYhSfVmjcnRWL9ZJ4gv+YCPA==}
    engines: {node: '>=10'}
    requiresBuild: true
    optionalDependencies:
      '@swc/core-darwin-arm64': 1.3.36
      '@swc/core-darwin-x64': 1.3.36
      '@swc/core-linux-arm-gnueabihf': 1.3.36
      '@swc/core-linux-arm64-gnu': 1.3.36
      '@swc/core-linux-arm64-musl': 1.3.36
      '@swc/core-linux-x64-gnu': 1.3.36
      '@swc/core-linux-x64-musl': 1.3.36
      '@swc/core-win32-arm64-msvc': 1.3.36
      '@swc/core-win32-ia32-msvc': 1.3.36
      '@swc/core-win32-x64-msvc': 1.3.36
    dev: false

  /@swc/helpers/0.4.14:
    resolution: {integrity: sha512-4C7nX/dvpzB7za4Ql9K81xK3HPxCpHMgwTZVyf+9JQ6VUbn9jjZVN7/Nkdz/Ugzs2CSjqnL/UPXroiVBVHUWUw==}
    dependencies:
      tslib: 2.5.0
    dev: true

  /@types/glob/8.0.1:
    resolution: {integrity: sha512-8bVUjXZvJacUFkJXHdyZ9iH1Eaj5V7I8c4NdH5sQJsdXkqT4CA5Dhb4yb4VE/3asyx4L9ayZr1NIhTsWHczmMw==}
    dependencies:
      '@types/minimatch': 5.1.2
      '@types/node': 18.14.0
    dev: true

  /@types/minimatch/5.1.2:
    resolution: {integrity: sha512-K0VQKziLUWkVKiRVrx4a40iPaxTUefQmjtkQofBkYRcoaaL/8rhwDWww9qWbrgicNOgnpIsMxyNIUM4+n6dUIA==}
    dev: true

  /@types/node/18.14.0:
    resolution: {integrity: sha512-5EWrvLmglK+imbCJY0+INViFWUHg1AHel1sq4ZVSfdcNqGy9Edv3UB9IIzzg+xPaUcAgZYcfVs2fBcwDeZzU0A==}
    dev: true

  /balanced-match/1.0.2:
    resolution: {integrity: sha512-3oSeUO0TMV67hN1AmbXsK4yaqU7tjiHlbxRDZOpH0KW9+CeX4bRAaX0Anxt0tx2MrpRpWwQaPwIlISEJhYU5Pw==}
    dev: false

  /brace-expansion/2.0.1:
    resolution: {integrity: sha512-XnAIvQ8eM+kC6aULx6wuQiwVsnzsi9d3WxzV3FpWTGA19F621kwdbsAcFKXgKUHZWsy+mY6iL1sHTxWEFCytDA==}
    dependencies:
      balanced-match: 1.0.2
    dev: false

  /commander/10.0.0:
    resolution: {integrity: sha512-zS5PnTI22FIRM6ylNW8G4Ap0IEOyk62fhLSD0+uHRT9McRCLGpkVNvao4bjimpK/GShynyQkFFxHhwMcETmduA==}
    engines: {node: '>=14'}
    dev: false

  /fs.realpath/1.0.0:
    resolution: {integrity: sha512-OO0pH2lK6a0hZnAdau5ItzHPI6pUlvI7jMVnxUQRtw4owF2wk8lOSabtGDCTP4Ggrg2MbGnWO9X8K1t4+fGMDw==}
    dev: false

  /glob/8.1.0:
    resolution: {integrity: sha512-r8hpEjiQEYlF2QU0df3dS+nxxSIreXQS1qRhMJM0Q5NDdR386C7jb7Hwwod8Fgiuex+k0GFjgft18yvxm5XoCQ==}
    engines: {node: '>=12'}
    dependencies:
      fs.realpath: 1.0.0
      inflight: 1.0.6
      inherits: 2.0.4
      minimatch: 5.1.6
      once: 1.4.0
    dev: false

  /inflight/1.0.6:
    resolution: {integrity: sha512-k92I/b08q4wvFscXCLvqfsHCrjrF7yiXsQuIVvVE7N82W3+aqpzuUdBbfhWcy/FZR3/4IgflMgKLOsvPDrGCJA==}
    dependencies:
      once: 1.4.0
      wrappy: 1.0.2
    dev: false

  /inherits/2.0.4:
    resolution: {integrity: sha512-k/vGaX4/Yla3WzyMCvTQOXYeIHvqOKtnqBduzTHpzpQZzAskKMhZ2K+EnBiSM9zGSoIFeMpXKxa4dYeZIQqewQ==}
    dev: false

  /minimatch/5.1.6:
    resolution: {integrity: sha512-lKwV/1brpG6mBUFHtb7NUmtABCb2WZZmm2wNiOA5hAb8VdCS4B3dtMWyvcoViccwAW/COERjXLt0zP1zXUN26g==}
    engines: {node: '>=10'}
    dependencies:
      brace-expansion: 2.0.1
    dev: false

  /once/1.4.0:
    resolution: {integrity: sha512-lNaJgI+2Q5URQBkccEKHTQOPaXdUxnZZElQTZY0MFUAuaEqe1E+Nyvgdz/aIyNi6Z9MzO5dv1H8n58/GELp3+w==}
    dependencies:
      wrappy: 1.0.2
    dev: false

  /tslib/2.5.0:
    resolution: {integrity: sha512-336iVw3rtn2BUK7ORdIAHTyxHGRIHVReokCR3XjbckJMK7ms8FysBfhLR8IXnAgy7T0PTPNBWKiH514FOW/WSg==}
    dev: true

  /typescript/5.0.0-dev.20230225:
    resolution: {integrity: sha512-xBismrPov/ES1ndEwkoW8loPQu03DbQTTCXkTiejsKeNTP2E0mxQ0EwcTeEb2UTx4E4SmhdPUDwSJNQ3cjPSKA==}
    engines: {node: '>=4.2.0'}
    hasBin: true
    dev: true

  /wrappy/1.0.2:
    resolution: {integrity: sha512-l4Sp/DRseor9wL6EvV2+TuQn63dMkPjZ/sp9XkghTEbV9KlPS1xUsZ3u7/IQO4wxtcFB4bgpQPRcR3QCvezPcQ==}
    dev: false

  /yaml/2.2.1:
    resolution: {integrity: sha512-e0WHiYql7+9wr4cWMx3TVQrNwejKaEe7/rHNmQmqRjazfOP5W8PB6Jpebb5o6fIapbz9o9+2ipcaTM2ZwDI6lw==}
    engines: {node: '>= 14'}
    dev: false
